
Microsoft Visual Studio Solution File, Format Version 12.00
# Visual Studio Version 17
VisualStudioVersion = 17.9.34607.119
MinimumVisualStudioVersion = 10.0.40219.1
Project("{9A19103F-16F7-4668-BE54-9A1E7A4F7556}") = "Biblioteca", "Biblioteca.csproj", "{2B6BB124-A244-49B4-AC27-673C26EBEA1C}"
EndProject
Project("{2150E333-8FDC-42A3-9474-1A3956D46DE8}") = "Elementos de la solución", "Elementos de la solución", "{39E8CEF1-DD4D-4FFC-8870-7203D964FDA4}"
	ProjectSection(SolutionItems) = preProject
		Administracion.cs = Administracion.cs
		Bibliotecario.cs = Bibliotecario.cs
		Lector.cs = Lector.cs
		Usuario.cs = Usuario.cs
	EndProjectSection
EndProject
Global
	GlobalSection(SolutionConfigurationPlatforms) = preSolution
		Debug|Any CPU = Debug|Any CPU
		Release|Any CPU = Release|Any CPU
	EndGlobalSection
	GlobalSection(ProjectConfigurationPlatforms) = postSolution
		{2B6BB124-A244-49B4-AC27-673C26EBEA1C}.Debug|Any CPU.ActiveCfg = Debug|Any CPU
		{2B6BB124-A244-49B4-AC27-673C26EBEA1C}.Debug|Any CPU.Build.0 = Debug|Any CPU
		{2B6BB124-A244-49B4-AC27-673C26EBEA1C}.Release|Any CPU.ActiveCfg = Release|Any CPU
		{2B6BB124-A244-49B4-AC27-673C26EBEA1C}.Release|Any CPU.Build.0 = Release|Any CPU
	EndGlobalSection
	GlobalSection(SolutionProperties) = preSolution
		HideSolutionNode = FALSE
	EndGlobalSection
	GlobalSection(ExtensibilityGlobals) = postSolution
		SolutionGuid = {CB5C078F-1124-4EF0-AEE1-CEB6C2ADBC00}
	EndGlobalSection
EndGlobal
